{
  "requires": true,
  "lockfileVersion": 1,
  "dependencies": {
    "lodash": {
      "version": "4.17.21",
      "resolved": "https://registry.npmjs.org/lodash/-/lodash-4.17.21.tgz",
      "integrity": "sha512-v2kDEe57lecTulaDIuNTPy3Ry4gLGJ6Z1O3vE1krgXZNrsQ+LFTGHVxVjcXPs17LhbZVGedAJv8XZ1tvj5FvSg=="
    },
    "serverless-plugin-aws-alerts": {
      "version": "1.7.1",
      "resolved": "https://registry.npmjs.org/serverless-plugin-aws-alerts/-/serverless-plugin-aws-alerts-1.7.1.tgz",
      "integrity": "sha512-ABo2nO0noxkWG+GfClNWztsJrMY1/BxTr0gjNrgfPJJhKR7u5i9DlwPAoxsoZ5BbsbPyMPzLzP/vZRUx6MAWoA==",
      "requires": {
        "lodash": "^4.17.10"
      }
    }
  }
}
